
Microsoft Visual Studio Solution File, Format Version 12.00
# Visual Studio 15
VisualStudioVersion = 15.0.28010.2036
MinimumVisualStudioVersion = 10.0.40219.1
Project("{FAE04EC0-301F-11D3-BF4B-00C04F79EFBC}") = "MiningLib.Tests", "MiningLib.Tests\MiningLib.Tests.csproj", "{F6CF985F-E707-4859-AFF7-390D3E41FEFF}"
EndProject
Project("{FAE04EC0-301F-11D3-BF4B-00C04F79EFBC}") = "MiningLib.Common", "MiningLib.Common\MiningLib.Common.csproj", "{AA31010A-C151-4971-A619-86437392AA83}"
EndProject
Project("{FAE04EC0-301F-11D3-BF4B-00C04F79EFBC}") = "MiningLib.Clustering", "MiningLib.Clustering\MiningLib.Clustering.csproj", "{3183BBA0-0AEB-495F-BE4A-C19FBA67F682}"
EndProject
Global
	GlobalSection(SolutionConfigurationPlatforms) = preSolution
		Debug|Any CPU = Debug|Any CPU
		Release|Any CPU = Release|Any CPU
	EndGlobalSection
	GlobalSection(ProjectConfigurationPlatforms) = postSolution
		{F6CF985F-E707-4859-AFF7-390D3E41FEFF}.Debug|Any CPU.ActiveCfg = Debug|Any CPU
		{F6CF985F-E707-4859-AFF7-390D3E41FEFF}.Debug|Any CPU.Build.0 = Debug|Any CPU
		{F6CF985F-E707-4859-AFF7-390D3E41FEFF}.Release|Any CPU.ActiveCfg = Release|Any CPU
		{F6CF985F-E707-4859-AFF7-390D3E41FEFF}.Release|Any CPU.Build.0 = Release|Any CPU
		{AA31010A-C151-4971-A619-86437392AA83}.Debug|Any CPU.ActiveCfg = Debug|Any CPU
		{AA31010A-C151-4971-A619-86437392AA83}.Debug|Any CPU.Build.0 = Debug|Any CPU
		{AA31010A-C151-4971-A619-86437392AA83}.Release|Any CPU.ActiveCfg = Release|Any CPU
		{AA31010A-C151-4971-A619-86437392AA83}.Release|Any CPU.Build.0 = Release|Any CPU
		{3183BBA0-0AEB-495F-BE4A-C19FBA67F682}.Debug|Any CPU.ActiveCfg = Debug|Any CPU
		{3183BBA0-0AEB-495F-BE4A-C19FBA67F682}.Debug|Any CPU.Build.0 = Debug|Any CPU
		{3183BBA0-0AEB-495F-BE4A-C19FBA67F682}.Release|Any CPU.ActiveCfg = Release|Any CPU
		{3183BBA0-0AEB-495F-BE4A-C19FBA67F682}.Release|Any CPU.Build.0 = Release|Any CPU
	EndGlobalSection
	GlobalSection(SolutionProperties) = preSolution
		HideSolutionNode = FALSE
	EndGlobalSection
	GlobalSection(ExtensibilityGlobals) = postSolution
		SolutionGuid = {D4C015E3-3966-4611-9B1C-715D399FA8DA}
	EndGlobalSection
EndGlobal
